// !$*UTF8*$!
{
	archiveVersion = 1;
	classes = {
	};
	objectVersion = 46;
	objects = {

/* Begin PBXBuildFile section */
		D54DE3331C8FFA8500FE2838 /* AppDelegate.swift in Sources */ = {isa = PBXBuildFile; fileRef = D54DE3321C8FFA8500FE2838 /* AppDelegate.swift */; };
		D54DE3381C8FFA8500FE2838 /* Main.storyboard in Resources */ = {isa = PBXBuildFile; fileRef = D54DE3361C8FFA8500FE2838 /* Main.storyboard */; };
		D54DE33A1C8FFA8500FE2838 /* Assets.xcassets in Resources */ = {isa = PBXBuildFile; fileRef = D54DE3391C8FFA8500FE2838 /* Assets.xcassets */; };
		D54DE33D1C8FFA8500FE2838 /* LaunchScreen.storyboard in Resources */ = {isa = PBXBuildFile; fileRef = D54DE33B1C8FFA8500FE2838 /* LaunchScreen.storyboard */; };
		D54DE3481C8FFA8500FE2838 /* sGenericAPITestTests.swift in Sources */ = {isa = PBXBuildFile; fileRef = D54DE3471C8FFA8500FE2838 /* sGenericAPITestTests.swift */; };
		D54DE3531C8FFA8500FE2838 /* sGenericAPITestUITests.swift in Sources */ = {isa = PBXBuildFile; fileRef = D54DE3521C8FFA8500FE2838 /* sGenericAPITestUITests.swift */; };
		D54DE3611C901F3D00FE2838 /* MainTableViewController.swift in Sources */ = {isa = PBXBuildFile; fileRef = D54DE3601C901F3D00FE2838 /* MainTableViewController.swift */; };
		D54DE3631C90241700FE2838 /* PhotoViewCell.swift in Sources */ = {isa = PBXBuildFile; fileRef = D54DE3621C90241700FE2838 /* PhotoViewCell.swift */; };
		D57B17DE1C926DAC0045CE77 /* Default-568h@2x.png in Resources */ = {isa = PBXBuildFile; fileRef = D57B17DD1C926DAC0045CE77 /* Default-568h@2x.png */; };
		D57B17E01C9291E40045CE77 /* Photos.swift in Sources */ = {isa = PBXBuildFile; fileRef = D57B17DF1C9291E40045CE77 /* Photos.swift */; };
/* End PBXBuildFile section */

/* Begin PBXContainerItemProxy section */
		D54DE3441C8FFA8500FE2838 /* PBXContainerItemProxy */ = {
			isa = PBXContainerItemProxy;
			containerPortal = D54DE3271C8FFA8500FE2838 /* Project object */;
			proxyType = 1;
			remoteGlobalIDString = D54DE32E1C8FFA8500FE2838;
			remoteInfo = sGenericAPITest;
		};
		D54DE34F1C8FFA8500FE2838 /* PBXContainerItemProxy */ = {
			isa = PBXContainerItemProxy;
			containerPortal = D54DE3271C8FFA8500FE2838 /* Project object */;
			proxyType = 1;
			remoteGlobalIDString = D54DE32E1C8FFA8500FE2838;
			remoteInfo = sGenericAPITest;
		};
/* End PBXContainerItemProxy section */

/* Begin PBXFileReference section */
		D54DE32F1C8FFA8500FE2838 /* sGenericAPITest.app */ = {isa = PBXFileReference; explicitFileType = wrapper.application; includeInIndex = 0; path = sGenericAPITest.app; sourceTree = BUILT_PRODUCTS_DIR; };
		D54DE3321C8FFA8500FE2838 /* AppDelegate.swift */ = {isa = PBXFileReference; lastKnownFileType = sourcecode.swift; path = AppDelegate.swift; sourceTree = "<group>"; };
		D54DE3371C8FFA8500FE2838 /* Base */ = {isa = PBXFileReference; lastKnownFileType = file.storyboard; name = Base; path = Base.lproj/Main.storyboard; sourceTree = "<group>"; };
		D54DE3391C8FFA8500FE2838 /* Assets.xcassets */ = {isa = PBXFileReference; lastKnownFileType = folder.assetcatalog; path = Assets.xcassets; sourceTree = "<group>"; };
		D54DE33C1C8FFA8500FE2838 /* Base */ = {isa = PBXFileReference; lastKnownFileType = file.storyboard; name = Base; path = Base.lproj/LaunchScreen.storyboard; sourceTree = "<group>"; };
		D54DE33E1C8FFA8500FE2838 /* Info.plist */ = {isa = PBXFileReference; lastKnownFileType = text.plist.xml; path = Info.plist; sourceTree = "<group>"; };
		D54DE3431C8FFA8500FE2838 /* sGenericAPITestTests.xctest */ = {isa = PBXFileReference; explicitFileType = wrapper.cfbundle; includeInIndex = 0; path = sGenericAPITestTests.xctest; sourceTree = BUILT_PRODUCTS_DIR; };
		D54DE3471C8FFA8500FE2838 /* sGenericAPITestTests.swift */ = {isa = PBXFileReference; lastKnownFileType = sourcecode.swift; path = sGenericAPITestTests.swift; sourceTree = "<group>"; };
		D54DE3491C8FFA8500FE2838 /* Info.plist */ = {isa = PBXFileReference; lastKnownFileType = text.plist.xml; path = Info.plist; sourceTree = "<group>"; };
		D54DE34E1C8FFA8500FE2838 /* sGenericAPITestUITests.xctest */ = {isa = PBXFileReference; explicitFileType = wrapper.cfbundle; includeInIndex = 0; path = sGenericAPITestUITests.xctest; sourceTree = BUILT_PRODUCTS_DIR; };
		D54DE3521C8FFA8500FE2838 /* sGenericAPITestUITests.swift */ = {isa = PBXFileReference; lastKnownFileType = sourcecode.swift; path = sGenericAPITestUITests.swift; sourceTree = "<group>"; };
		D54DE3541C8FFA8500FE2838 /* Info.plist */ = {isa = PBXFileReference; lastKnownFileType = text.plist.xml; path = Info.plist; sourceTree = "<group>"; };
		D54DE3601C901F3D00FE2838 /* MainTableViewController.swift */ = {isa = PBXFileReference; fileEncoding = 4; lastKnownFileType = sourcecode.swift; path = MainTableViewController.swift; sourceTree = "<group>"; };
		D54DE3621C90241700FE2838 /* PhotoViewCell.swift */ = {isa = PBXFileReference; fileEncoding = 4; lastKnownFileType = sourcecode.swift; path = PhotoViewCell.swift; sourceTree = "<group>"; };
		D57B17DD1C926DAC0045CE77 /* Default-568h@2x.png */ = {isa = PBXFileReference; lastKnownFileType = image.png; path = "Default-568h@2x.png"; sourceTree = "<group>"; };
		D57B17DF1C9291E40045CE77 /* Photos.swift */ = {isa = PBXFileReference; fileEncoding = 4; lastKnownFileType = sourcecode.swift; path = Photos.swift; sourceTree = "<group>"; };
/* End PBXFileReference section */

/* Begin PBXFrameworksBuildPhase section */
		D54DE32C1C8FFA8500FE2838 /* Frameworks */ = {
			isa = PBXFrameworksBuildPhase;
			buildActionMask = 2147483647;
			files = (
			);
			runOnlyForDeploymentPostprocessing = 0;
		};
		D54DE3401C8FFA8500FE2838 /* Frameworks */ = {
			isa = PBXFrameworksBuildPhase;
			buildActionMask = 2147483647;
			files = (
			);
			runOnlyForDeploymentPostprocessing = 0;
		};
		D54DE34B1C8FFA8500FE2838 /* Frameworks */ = {
			isa = PBXFrameworksBuildPhase;
			buildActionMask = 2147483647;
			files = (
			);
			runOnlyForDeploymentPostprocessing = 0;
		};
/* End PBXFrameworksBuildPhase section */

/* Begin PBXGroup section */
		D54DE3261C8FFA8500FE2838 = {
			isa = PBXGroup;
			children = (
				D57B17DD1C926DAC0045CE77 /* Default-568h@2x.png */,
				D54DE3311C8FFA8500FE2838 /* sGenericAPITest */,
				D54DE3461C8FFA8500FE2838 /* sGenericAPITestTests */,
				D54DE3511C8FFA8500FE2838 /* sGenericAPITestUITests */,
				D54DE3301C8FFA8500FE2838 /* Products */,
			);
			sourceTree = "<group>";
		};
		D54DE3301C8FFA8500FE2838 /* Products */ = {
			isa = PBXGroup;
			children = (
				D54DE32F1C8FFA8500FE2838 /* sGenericAPITest.app */,
				D54DE3431C8FFA8500FE2838 /* sGenericAPITestTests.xctest */,
				D54DE34E1C8FFA8500FE2838 /* sGenericAPITestUITests.xctest */,
			);
			name = Products;
			sourceTree = "<group>";
		};
		D54DE3311C8FFA8500FE2838 /* sGenericAPITest */ = {
			isa = PBXGroup;
			children = (
				D54DE3321C8FFA8500FE2838 /* AppDelegate.swift */,
				D54DE3601C901F3D00FE2838 /* MainTableViewController.swift */,
				D54DE3621C90241700FE2838 /* PhotoViewCell.swift */,
				D57B17DF1C9291E40045CE77 /* Photos.swift */,
				D54DE3361C8FFA8500FE2838 /* Main.storyboard */,
				D54DE3391C8FFA8500FE2838 /* Assets.xcassets */,
				D54DE33B1C8FFA8500FE2838 /* LaunchScreen.storyboard */,
				D54DE33E1C8FFA8500FE2838 /* Info.plist */,
			);
			path = sGenericAPITest;
			sourceTree = "<group>";
		};
		D54DE3461C8FFA8500FE2838 /* sGenericAPITestTests */ = {
			isa = PBXGroup;
			children = (
				D54DE3471C8FFA8500FE2838 /* sGenericAPITestTests.swift */,
				D54DE3491C8FFA8500FE2838 /* Info.plist */,
			);
			path = sGenericAPITestTests;
			sourceTree = "<group>";
		};
		D54DE3511C8FFA8500FE2838 /* sGenericAPITestUITests */ = {
			isa = PBXGroup;
			children = (
				D54DE3521C8FFA8500FE2838 /* sGenericAPITestUITests.swift */,
				D54DE3541C8FFA8500FE2838 /* Info.plist */,
			);
			path = sGenericAPITestUITests;
			sourceTree = "<group>";
		};
/* End PBXGroup section */

/* Begin PBXNativeTarget section */
		D54DE32E1C8FFA8500FE2838 /* sGenericAPITest */ = {
			isa = PBXNativeTarget;
			buildConfigurationList = D54DE3571C8FFA8500FE2838 /* Build configuration list for PBXNativeTarget "sGenericAPITest" */;
			buildPhases = (
				D54DE32B1C8FFA8500FE2838 /* Sources */,
				D54DE32C1C8FFA8500FE2838 /* Frameworks */,
				D54DE32D1C8FFA8500FE2838 /* Resources */,
			);
			buildRules = (
			);
			dependencies = (
			);
			name = sGenericAPITest;
			productName = sGenericAPITest;
			productReference = D54DE32F1C8FFA8500FE2838 /* sGenericAPITest.app */;
			productType = "com.apple.product-type.application";
		};
		D54DE3421C8FFA8500FE2838 /* sGenericAPITestTests */ = {
			isa = PBXNativeTarget;
			buildConfigurationList = D54DE35A1C8FFA8500FE2838 /* Build configuration list for PBXNativeTarget "sGenericAPITestTests" */;
			buildPhases = (
				D54DE33F1C8FFA8500FE2838 /* Sources */,
				D54DE3401C8FFA8500FE2838 /* Frameworks */,
				D54DE3411C8FFA8500FE2838 /* Resources */,
			);
			buildRules = (
			);
			dependencies = (
				D54DE3451C8FFA8500FE2838 /* PBXTargetDependency */,
			);
			name = sGenericAPITestTests;
			productName = sGenericAPITestTests;
			productReference = D54DE3431C8FFA8500FE2838 /* sGenericAPITestTests.xctest */;
			productType = "com.apple.product-type.bundle.unit-test";
		};
		D54DE34D1C8FFA8500FE2838 /* sGenericAPITestUITests */ = {
			isa = PBXNativeTarget;
			buildConfigurationList = D54DE35D1C8FFA8500FE2838 /* Build configuration list for PBXNativeTarget "sGenericAPITestUITests" */;
			buildPhases = (
				D54DE34A1C8FFA8500FE2838 /* Sources */,
				D54DE34B1C8FFA8500FE2838 /* Frameworks */,
				D54DE34C1C8FFA8500FE2838 /* Resources */,
			);
			buildRules = (
			);
			dependencies = (
				D54DE3501C8FFA8500FE2838 /* PBXTargetDependency */,
			);
			name = sGenericAPITestUITests;
			productName = sGenericAPITestUITests;
			productReference = D54DE34E1C8FFA8500FE2838 /* sGenericAPITestUITests.xctest */;
			productType = "com.apple.product-type.bundle.ui-testing";
		};
/* End PBXNativeTarget section */

/* Begin PBXProject section */
		D54DE3271C8FFA8500FE2838 /* Project object */ = {
			isa = PBXProject;
			attributes = {
				LastSwiftUpdateCheck = 0720;
				LastUpgradeCheck = 0720;
				ORGANIZATIONNAME = "Duncan Wallace";
				TargetAttributes = {
					D54DE32E1C8FFA8500FE2838 = {
						CreatedOnToolsVersion = 7.2.1;
					};
					D54DE3421C8FFA8500FE2838 = {
						CreatedOnToolsVersion = 7.2.1;
						TestTargetID = D54DE32E1C8FFA8500FE2838;
					};
					D54DE34D1C8FFA8500FE2838 = {
						CreatedOnToolsVersion = 7.2.1;
						TestTargetID = D54DE32E1C8FFA8500FE2838;
					};
				};
			};
			buildConfigurationList = D54DE32A1C8FFA8500FE2838 /* Build configuration list for PBXProject "sGenericAPITest" */;
			compatibilityVersion = "Xcode 3.2";
			developmentRegion = English;
			hasScannedForEncodings = 0;
			knownRegions = (
				en,
				Base,
			);
			mainGroup = D54DE3261C8FFA8500FE2838;
			productRefGroup = D54DE3301C8FFA8500FE2838 /* Products */;
			projectDirPath = "";
			projectRoot = "";
			targets = (
				D54DE32E1C8FFA8500FE2838 /* sGenericAPITest */,
				D54DE3421C8FFA8500FE2838 /* sGenericAPITestTests */,
				D54DE34D1C8FFA8500FE2838 /* sGenericAPITestUITests */,
			);
		};
/* End PBXProject section */

/* Begin PBXResourcesBuildPhase section */
		D54DE32D1C8FFA8500FE2838 /* Resources */ = {
			isa = PBXResourcesBuildPhase;
			buildActionMask = 2147483647;
			files = (
				D54DE33D1C8FFA8500FE2838 /* LaunchScreen.storyboard in Resources */,
				D57B17DE1C926DAC0045CE77 /* Default-568h@2x.png in Resources */,
				D54DE33A1C8FFA8500FE2838 /* Assets.xcassets in Resources */,
				D54DE3381C8FFA8500FE2838 /* Main.storyboard in Resources */,
			);
			runOnlyForDeploymentPostprocessing = 0;
		};
		D54DE3411C8FFA8500FE2838 /* Resources */ = {
			isa = PBXResourcesBuildPhase;
			buildActionMask = 2147483647;
			files = (
			);
			runOnlyForDeploymentPostprocessing = 0;
		};
		D54DE34C1C8FFA8500FE2838 /* Resources */ = {
			isa = PBXResourcesBuildPhase;
			buildActionMask = 2147483647;
			files = (
			);
			runOnlyForDeploymentPostprocessing = 0;
		};
/* End PBXResourcesBuildPhase section */

/* Begin PBXSourcesBuildPhase section */
		D54DE32B1C8FFA8500FE2838 /* Sources */ = {
			isa = PBXSourcesBuildPhase;
			buildActionMask = 2147483647;
			files = (
				D57B17E01C9291E40045CE77 /* Photos.swift in Sources */,
				D54DE3611C901F3D00FE2838 /* MainTableViewController.swift in Sources */,
				D54DE3331C8FFA8500FE2838 /* AppDelegate.swift in Sources */,
				D54DE3631C90241700FE2838 /* PhotoViewCell.swift in Sources */,
			);
			runOnlyForDeploymentPostprocessing = 0;
		};
		D54DE33F1C8FFA8500FE2838 /* Sources */ = {
			isa = PBXSourcesBuildPhase;
			buildActionMask = 2147483647;
			files = (
				D54DE3481C8FFA8500FE2838 /* sGenericAPITestTests.swift in Sources */,
			);
			runOnlyForDeploymentPostprocessing = 0;
		};
		D54DE34A1C8FFA8500FE2838 /* Sources */ = {
			isa = PBXSourcesBuildPhase;
			buildActionMask = 2147483647;
			files = (
				D54DE3531C8FFA8500FE2838 /* sGenericAPITestUITests.swift in Sources */,
			);
			runOnlyForDeploymentPostprocessing = 0;
		};
/* End PBXSourcesBuildPhase section */

/* Begin PBXTargetDependency section */
		D54DE3451C8FFA8500FE2838 /* PBXTargetDependency */ = {
			isa = PBXTargetDependency;
			target = D54DE32E1C8FFA8500FE2838 /* sGenericAPITest */;
			targetProxy = D54DE3441C8FFA8500FE2838 /* PBXContainerItemProxy */;
		};
		D54DE3501C8FFA8500FE2838 /* PBXTargetDependency */ = {
			isa = PBXTargetDependency;
			target = D54DE32E1C8FFA8500FE2838 /* sGenericAPITest */;
			targetProxy = D54DE34F1C8FFA8500FE2838 /* PBXContainerItemProxy */;
		};
/* End PBXTargetDependency section */

/* Begin PBXVariantGroup section */
		D54DE3361C8FFA8500FE2838 /* Main.storyboard */ = {
			isa = PBXVariantGroup;
			children = (
				D54DE3371C8FFA8500FE2838 /* Base */,
			);
			name = Main.storyboard;
			sourceTree = "<group>";
		};
		D54DE33B1C8FFA8500FE2838 /* LaunchScreen.storyboard */ = {
			isa = PBXVariantGroup;
			children = (
				D54DE33C1C8FFA8500FE2838 /* Base */,
			);
			name = LaunchScreen.storyboard;
			sourceTree = "<group>";
		};
/* End PBXVariantGroup section */

/* Begin XCBuildConfiguration section */
		D54DE3551C8FFA8500FE2838 /* Debug */ = {
			isa = XCBuildConfiguration;
			buildSettings = {
				ALWAYS_SEARCH_USER_PATHS = NO;
				CLANG_CXX_LANGUAGE_STANDARD = "gnu++0x";
				CLANG_CXX_LIBRARY = "libc++";
				CLANG_ENABLE_MODULES = YES;
				CLANG_ENABLE_OBJC_ARC = YES;
				CLANG_WARN_BOOL_CONVERSION = YES;
				CLANG_WARN_CONSTANT_CONVERSION = YES;
				CLANG_WARN_DIRECT_OBJC_ISA_USAGE = YES_ERROR;
				CLANG_WARN_EMPTY_BODY = YES;
				CLANG_WARN_ENUM_CONVERSION = YES;
				CLANG_WARN_INT_CONVERSION = YES;
				CLANG_WARN_OBJC_ROOT_CLASS = YES_ERROR;
				CLANG_WARN_UNREACHABLE_CODE = YES;
				CLANG_WARN__DUPLICATE_METHOD_MATCH = YES;
				"CODE_SIGN_IDENTITY[sdk=iphoneos*]" = "iPhone Developer";
				COPY_PHASE_STRIP = NO;
				DEBUG_INFORMATION_FORMAT = dwarf;
				ENABLE_STRICT_OBJC_MSGSEND = YES;
				ENABLE_TESTABILITY = YES;
				GCC_C_LANGUAGE_STANDARD = gnu99;
				GCC_DYNAMIC_NO_PIC = NO;
				GCC_NO_COMMON_BLOCKS = YES;
				GCC_OPTIMIZATION_LEVEL = 0;
				GCC_PREPROCESSOR_DEFINITIONS = (
					"DEBUG=1",
					"$(inherited)",
				);
				GCC_WARN_64_TO_32_BIT_CONVERSION = YES;
				GCC_WARN_ABOUT_RETURN_TYPE = YES_ERROR;
				GCC_WARN_UNDECLARED_SELECTOR = YES;
				GCC_WARN_UNINITIALIZED_AUTOS = YES_AGGRESSIVE;
				GCC_WARN_UNUSED_FUNCTION = YES;
				GCC_WARN_UNUSED_VARIABLE = YES;
				IPHONEOS_DEPLOYMENT_TARGET = 9.2;
				MTL_ENABLE_DEBUG_INFO = YES;
				ONLY_ACTIVE_ARCH = YES;
				SDKROOT = iphoneos;
				SWIFT_OPTIMIZATION_LEVEL = "-Onone";
				TARGETED_DEVICE_FAMILY = "1,2";
			};
			name = Debug;
		};
		D54DE3561C8FFA8500FE2838 /* Release */ = {
			isa = XCBuildConfiguration;
			buildSettings = {
				ALWAYS_SEARCH_USER_PATHS = NO;
				CLANG_CXX_LANGUAGE_STANDARD = "gnu++0x";
				CLANG_CXX_LIBRARY = "libc++";
				CLANG_ENABLE_MODULES = YES;
				CLANG_ENABLE_OBJC_ARC = YES;
				CLANG_WARN_BOOL_CONVERSION = YES;
				CLANG_WARN_CONSTANT_CONVERSION = YES;
				CLANG_WARN_DIRECT_OBJC_ISA_USAGE = YES_ERROR;
				CLANG_WARN_EMPTY_BODY = YES;
				CLANG_WARN_ENUM_CONVERSION = YES;
				CLANG_WARN_INT_CONVERSION = YES;
				CLANG_WARN_OBJC_ROOT_CLASS = YES_ERROR;
				CLANG_WARN_UNREACHABLE_CODE = YES;
				CLANG_WARN__DUPLICATE_METHOD_MATCH = YES;
				"CODE_SIGN_IDENTITY[sdk=iphoneos*]" = "iPhone Developer";
				COPY_PHASE_STRIP = NO;
				DEBUG_INFORMATION_FORMAT = "dwarf-with-dsym";
				ENABLE_NS_ASSERTIONS = NO;
				ENABLE_STRICT_OBJC_MSGSEND = YES;
				GCC_C_LANGUAGE_STANDARD = gnu99;
				GCC_NO_COMMON_BLOCKS = YES;
				GCC_WARN_64_TO_32_BIT_CONVERSION = YES;
				GCC_WARN_ABOUT_RETURN_TYPE = YES_ERROR;
				GCC_WARN_UNDECLARED_SELECTOR = YES;
				GCC_WARN_UNINITIALIZED_AUTOS = YES_AGGRESSIVE;
				GCC_WARN_UNUSED_FUNCTION = YES;
				GCC_WARN_UNUSED_VARIABLE = YES;
				IPHONEOS_DEPLOYMENT_TARGET = 9.2;
				MTL_ENABLE_DEBUG_INFO = NO;
				SDKROOT = iphoneos;
				TARGETED_DEVICE_FAMILY = "1,2";
				VALIDATE_PRODUCT = YES;
			};
			name = Release;
		};
		D54DE3581C8FFA8500FE2838 /* Debug */ = {
			isa = XCBuildConfiguration;
			buildSettings = {
				ASSETCATALOG_COMPILER_APPICON_NAME = AppIcon;
				CODE_SIGN_IDENTITY = "iPhone Developer";
				INFOPLIST_FILE = sGenericAPITest/Info.plist;
				LD_RUNPATH_SEARCH_PATHS = "$(inherited) @executable_path/Frameworks";
				PRODUCT_BUNDLE_IDENTIFIER = com.ziptest.sGenericAPITest;
				PRODUCT_NAME = "$(TARGET_NAME)";
			};
			name = Debug;
		};
		D54DE3591C8FFA8500FE2838 /* Release */ = {
			isa = XCBuildConfiguration;
			buildSettings = {
				ASSETCATALOG_COMPILER_APPICON_NAME = AppIcon;
				CODE_SIGN_IDENTITY = "iPhone Developer";
				INFOPLIST_FILE = sGenericAPITest/Info.plist;
				LD_RUNPATH_SEARCH_PATHS = "$(inherited) @executable_path/Frameworks";
				PRODUCT_BUNDLE_IDENTIFIER = com.ziptest.sGenericAPITest;
				PRODUCT_NAME = "$(TARGET_NAME)";
			};
			name = Release;
		};
		D54DE35B1C8FFA8500FE2838 /* Debug */ = {
			isa = XCBuildConfiguration;
			buildSettings = {
				BUNDLE_LOADER = "$(TEST_HOST)";
				INFOPLIST_FILE = sGenericAPITestTests/Info.plist;
				LD_RUNPATH_SEARCH_PATHS = "$(inherited) @executable_path/Frameworks @loader_path/Frameworks";
				PRODUCT_BUNDLE_IDENTIFIER = duncwa.sGenericAPITestTests;
				PRODUCT_NAME = "$(TARGET_NAME)";
				TEST_HOST = "$(BUILT_PRODUCTS_DIR)/sGenericAPITest.app/sGenericAPITest";
			};
			name = Debug;
		};
		D54DE35C1C8FFA8500FE2838 /* Release */ = {
			isa = XCBuildConfiguration;
			buildSettings = {
				BUNDLE_LOADER = "$(TEST_HOST)";
				INFOPLIST_FILE = sGenericAPITestTests/Info.plist;
				LD_RUNPATH_SEARCH_PATHS = "$(inherited) @executable_path/Frameworks @loader_path/Frameworks";
				PRODUCT_BUNDLE_IDENTIFIER = duncwa.sGenericAPITestTests;
				PRODUCT_NAME = "$(TARGET_NAME)";
				TEST_HOST = "$(BUILT_PRODUCTS_DIR)/sGenericAPITest.app/sGenericAPITest";
			};
			name = Release;
		};
		D54DE35E1C8FFA8500FE2838 /* Debug */ = {
			isa = XCBuildConfiguration;
			buildSettings = {
				INFOPLIST_FILE = sGenericAPITestUITests/Info.plist;
				LD_RUNPATH_SEARCH_PATHS = "$(inherited) @executable_path/Frameworks @loader_path/Frameworks";
				PRODUCT_BUNDLE_IDENTIFIER = duncwa.sGenericAPITestUITests;
				PRODUCT_NAME = "$(TARGET_NAME)";
				TEST_TARGET_NAME = sGenericAPITest;
				USES_XCTRUNNER = YES;
			};
			name = Debug;
		};
		D54DE35F1C8FFA8500FE2838 /* Release */ = {
			isa = XCBuildConfiguration;
			buildSettings = {
				INFOPLIST_FILE = sGenericAPITestUITests/Info.plist;
				LD_RUNPATH_SEARCH_PATHS = "$(inherited) @executable_path/Frameworks @loader_path/Frameworks";
				PRODUCT_BUNDLE_IDENTIFIER = duncwa.sGenericAPITestUITests;
				PRODUCT_NAME = "$(TARGET_NAME)";
				TEST_TARGET_NAME = sGenericAPITest;
				USES_XCTRUNNER = YES;
			};
			name = Release;
		};
/* End XCBuildConfiguration section */

/* Begin XCConfigurationList section */
		D54DE32A1C8FFA8500FE2838 /* Build configuration list for PBXProject "sGenericAPITest" */ = {
			isa = XCConfigurationList;
			buildConfigurations = (
				D54DE3551C8FFA8500FE2838 /* Debug */,
				D54DE3561C8FFA8500FE2838 /* Release */,
			);
			defaultConfigurationIsVisible = 0;
			defaultConfigurationName = Release;
		};
		D54DE3571C8FFA8500FE2838 /* Build configuration list for PBXNativeTarget "sGenericAPITest" */ = {
			isa = XCConfigurationList;
			buildConfigurations = (
				D54DE3581C8FFA8500FE2838 /* Debug */,
				D54DE3591C8FFA8500FE2838 /* Release */,
			);
			defaultConfigurationIsVisible = 0;
			defaultConfigurationName = Release;
		};
		D54DE35A1C8FFA8500FE2838 /* Build configuration list for PBXNativeTarget "sGenericAPITestTests" */ = {
			isa = XCConfigurationList;
			buildConfigurations = (
				D54DE35B1C8FFA8500FE2838 /* Debug */,
				D54DE35C1C8FFA8500FE2838 /* Release */,
			);
			defaultConfigurationIsVisible = 0;
			defaultConfigurationName = Release;
		};
		D54DE35D1C8FFA8500FE2838 /* Build configuration list for PBXNativeTarget "sGenericAPITestUITests" */ = {
			isa = XCConfigurationList;
			buildConfigurations = (
				D54DE35E1C8FFA8500FE2838 /* Debug */,
				D54DE35F1C8FFA8500FE2838 /* Release */,
			);
			defaultConfigurationIsVisible = 0;
			defaultConfigurationName = Release;
		};
/* End XCConfigurationList section */
	};
	rootObject = D54DE3271C8FFA8500FE2838 /* Project object */;
}
